// !$*UTF8*$!
{
	archiveVersion = 1;
	classes = {
	};
	objectVersion = 45;
	objects = {

/* Begin PBXBuildFile section */
		1D3623260D0F684500981E51 /* CityFeverAppDelegate.m in Sources */ = {isa = PBXBuildFile; fileRef = 1D3623250D0F684500981E51 /* CityFeverAppDelegate.m */; };
		1D60589B0D05DD56006BFB54 /* main.m in Sources */ = {isa = PBXBuildFile; fileRef = 29B97316FDCFA39411CA2CEA /* main.m */; };
		1D60589F0D05DD5A006BFB54 /* Foundation.framework in Frameworks */ = {isa = PBXBuildFile; fileRef = 1D30AB110D05D00D00671497 /* Foundation.framework */; };
		1DF5F4E00D08C38300B7A737 /* UIKit.framework in Frameworks */ = {isa = PBXBuildFile; fileRef = 1DF5F4DF0D08C38300B7A737 /* UIKit.framework */; };
		2892E4100DC94CBA00A64D0F /* CoreGraphics.framework in Frameworks */ = {isa = PBXBuildFile; fileRef = 2892E40F0DC94CBA00A64D0F /* CoreGraphics.framework */; };
		28AD73600D9D9599002E5188 /* MainWindow.xib in Resources */ = {isa = PBXBuildFile; fileRef = 28AD735F0D9D9599002E5188 /* MainWindow.xib */; };
		28F335F11007B36200424DE2 /* RootViewController.xib in Resources */ = {isa = PBXBuildFile; fileRef = 28F335F01007B36200424DE2 /* RootViewController.xib */; };
		A812606C130D678900D6BA2D /* Icon-small.png in Resources */ = {isa = PBXBuildFile; fileRef = A8126068130D678900D6BA2D /* Icon-small.png */; };
		A812606D130D678900D6BA2D /* Icon-small@2x.png in Resources */ = {isa = PBXBuildFile; fileRef = A8126069130D678900D6BA2D /* Icon-small@2x.png */; };
		A812606E130D678900D6BA2D /* Icon.png in Resources */ = {isa = PBXBuildFile; fileRef = A812606A130D678900D6BA2D /* Icon.png */; };
		A812606F130D678900D6BA2D /* Icon@2x.png in Resources */ = {isa = PBXBuildFile; fileRef = A812606B130D678900D6BA2D /* Icon@2x.png */; };
		A8126070130D678900D6BA2D /* Icon-small.png in Resources */ = {isa = PBXBuildFile; fileRef = A8126068130D678900D6BA2D /* Icon-small.png */; };
		A8126071130D678900D6BA2D /* Icon-small@2x.png in Resources */ = {isa = PBXBuildFile; fileRef = A8126069130D678900D6BA2D /* Icon-small@2x.png */; };
		A8126072130D678900D6BA2D /* Icon.png in Resources */ = {isa = PBXBuildFile; fileRef = A812606A130D678900D6BA2D /* Icon.png */; };
		A8126073130D678900D6BA2D /* Icon@2x.png in Resources */ = {isa = PBXBuildFile; fileRef = A812606B130D678900D6BA2D /* Icon@2x.png */; };
		BF796B4D130BC1AF00846EAE /* GHUnit.framework in Frameworks */ = {isa = PBXBuildFile; fileRef = BF796B4C130BC1AF00846EAE /* GHUnit.framework */; };
		BF796B6B130BC43F00846EAE /* CoreGraphics.framework in Frameworks */ = {isa = PBXBuildFile; fileRef = 2892E40F0DC94CBA00A64D0F /* CoreGraphics.framework */; };
		BF796B6C130BC44500846EAE /* UIKit.framework in Frameworks */ = {isa = PBXBuildFile; fileRef = 1DF5F4DF0D08C38300B7A737 /* UIKit.framework */; };
		BF796B6D130BC45000846EAE /* Foundation.framework in Frameworks */ = {isa = PBXBuildFile; fileRef = 1D30AB110D05D00D00671497 /* Foundation.framework */; };
		BF796B71130BC59200846EAE /* GHUnitIOSTestMain.m in Sources */ = {isa = PBXBuildFile; fileRef = BF796B70130BC59200846EAE /* GHUnitIOSTestMain.m */; };
		BF796B73130BC5C700846EAE /* SetupTests.m in Sources */ = {isa = PBXBuildFile; fileRef = BF796B72130BC5C700846EAE /* SetupTests.m */; };
		BF796B85130BC69200846EAE /* libz.dylib in Frameworks */ = {isa = PBXBuildFile; fileRef = BF796B84130BC69200846EAE /* libz.dylib */; };
		BF796B9F130BC79900846EAE /* SystemConfiguration.framework in Frameworks */ = {isa = PBXBuildFile; fileRef = BF796B9E130BC79900846EAE /* SystemConfiguration.framework */; };
		BF796BC9130BDC5F00846EAE /* GTMLogger.m in Sources */ = {isa = PBXBuildFile; fileRef = BF796BC8130BDC5F00846EAE /* GTMLogger.m */; };
		BF796BF8130BE13600846EAE /* ModelTests.m in Sources */ = {isa = PBXBuildFile; fileRef = BF796BF7130BE13600846EAE /* ModelTests.m */; };
		BF796BFB130BE1AF00846EAE /* LocationModel.m in Sources */ = {isa = PBXBuildFile; fileRef = BF796BFA130BE1AF00846EAE /* LocationModel.m */; };
		BF796C24130BE92E00846EAE /* LocationModel.m in Sources */ = {isa = PBXBuildFile; fileRef = BF796BFA130BE1AF00846EAE /* LocationModel.m */; };
		BF796CFD130C121C00846EAE /* GTMLogger.m in Sources */ = {isa = PBXBuildFile; fileRef = BF796BC8130BDC5F00846EAE /* GTMLogger.m */; };
		BF796D00130C121C00846EAE /* NSObject+JSON.m in Sources */ = {isa = PBXBuildFile; fileRef = BFBD0901130A8E4400CA7941 /* NSObject+JSON.m */; };
		BF796D02130C121C00846EAE /* SBJsonParser.m in Sources */ = {isa = PBXBuildFile; fileRef = BFBD0903130A8E4400CA7941 /* SBJsonParser.m */; };
		BF796D04130C121C00846EAE /* SBJsonStreamParser.m in Sources */ = {isa = PBXBuildFile; fileRef = BFBD0905130A8E4400CA7941 /* SBJsonStreamParser.m */; };
		BF796D06130C121C00846EAE /* SBJsonStreamParserAdapter.m in Sources */ = {isa = PBXBuildFile; fileRef = BFBD0907130A8E4400CA7941 /* SBJsonStreamParserAdapter.m */; };
		BF796D08130C121C00846EAE /* SBJsonStreamParserState.m in Sources */ = {isa = PBXBuildFile; fileRef = BFBD0909130A8E4400CA7941 /* SBJsonStreamParserState.m */; };
		BF796D0A130C121C00846EAE /* SBJsonStreamWriter.m in Sources */ = {isa = PBXBuildFile; fileRef = BFBD090B130A8E4400CA7941 /* SBJsonStreamWriter.m */; };
		BF796D0C130C121C00846EAE /* SBJsonStreamWriterState.m in Sources */ = {isa = PBXBuildFile; fileRef = BFBD090D130A8E4400CA7941 /* SBJsonStreamWriterState.m */; };
		BF796D0E130C121C00846EAE /* SBJsonTokeniser.m in Sources */ = {isa = PBXBuildFile; fileRef = BFBD090F130A8E4400CA7941 /* SBJsonTokeniser.m */; };
		BF796D10130C121C00846EAE /* SBJsonWriter.m in Sources */ = {isa = PBXBuildFile; fileRef = BFBD0911130A8E4400CA7941 /* SBJsonWriter.m */; };
		BF796D12130C121C00846EAE /* ASIAuthenticationDialog.m in Sources */ = {isa = PBXBuildFile; fileRef = BFBD0791130A739400CA7941 /* ASIAuthenticationDialog.m */; };
		BF796D15130C121C00846EAE /* ASIDataCompressor.m in Sources */ = {isa = PBXBuildFile; fileRef = BFBD0794130A739400CA7941 /* ASIDataCompressor.m */; };
		BF796D17130C121C00846EAE /* ASIDataDecompressor.m in Sources */ = {isa = PBXBuildFile; fileRef = BFBD0796130A739400CA7941 /* ASIDataDecompressor.m */; };
		BF796D19130C121C00846EAE /* ASIDownloadCache.m in Sources */ = {isa = PBXBuildFile; fileRef = BFBD0798130A739400CA7941 /* ASIDownloadCache.m */; };
		BF796D1B130C121C00846EAE /* ASIFormDataRequest.m in Sources */ = {isa = PBXBuildFile; fileRef = BFBD079A130A739400CA7941 /* ASIFormDataRequest.m */; };
		BF796D1D130C121C00846EAE /* ASIHTTPRequest.m in Sources */ = {isa = PBXBuildFile; fileRef = BFBD079C130A739400CA7941 /* ASIHTTPRequest.m */; };
		BF796D20130C121C00846EAE /* Reachability.m in Sources */ = {isa = PBXBuildFile; fileRef = BFBD07AF130A740300CA7941 /* Reachability.m */; };
		BF796D23130C121C00846EAE /* ASIInputStream.m in Sources */ = {isa = PBXBuildFile; fileRef = BFBD07A0130A739400CA7941 /* ASIInputStream.m */; };
		BF796D25130C121C00846EAE /* ASINetworkQueue.m in Sources */ = {isa = PBXBuildFile; fileRef = BFBD07A2130A739400CA7941 /* ASINetworkQueue.m */; };
		BF796D91130C13CC00846EAE /* SystemConfiguration.framework in Frameworks */ = {isa = PBXBuildFile; fileRef = BF796B9E130BC79900846EAE /* SystemConfiguration.framework */; };
		BF796DA8130C142000846EAE /* libz.dylib in Frameworks */ = {isa = PBXBuildFile; fileRef = BF796B84130BC69200846EAE /* libz.dylib */; };
		BF796DA9130C142000846EAE /* MobileCoreServices.framework in Frameworks */ = {isa = PBXBuildFile; fileRef = BFBD084C130A762A00CA7941 /* MobileCoreServices.framework */; };
		BF796DCB130C148300846EAE /* CFNetwork.framework in Frameworks */ = {isa = PBXBuildFile; fileRef = BFBD0848130A75F400CA7941 /* CFNetwork.framework */; };
		BF796E29130C23D100846EAE /* NSData+Base64.m in Sources */ = {isa = PBXBuildFile; fileRef = BFBD0A57130AFC6300CA7941 /* NSData+Base64.m */; };
		BF796EE0130D111900846EAE /* Settings.bundle in Resources */ = {isa = PBXBuildFile; fileRef = BF796EDF130D111900846EAE /* Settings.bundle */; };
		BFBD07A4130A739400CA7941 /* ASIAuthenticationDialog.m in Sources */ = {isa = PBXBuildFile; fileRef = BFBD0791130A739400CA7941 /* ASIAuthenticationDialog.m */; };
		BFBD07A5130A739400CA7941 /* ASIDataCompressor.m in Sources */ = {isa = PBXBuildFile; fileRef = BFBD0794130A739400CA7941 /* ASIDataCompressor.m */; };
		BFBD07A6130A739400CA7941 /* ASIDataDecompressor.m in Sources */ = {isa = PBXBuildFile; fileRef = BFBD0796130A739400CA7941 /* ASIDataDecompressor.m */; };
		BFBD07A7130A739400CA7941 /* ASIDownloadCache.m in Sources */ = {isa = PBXBuildFile; fileRef = BFBD0798130A739400CA7941 /* ASIDownloadCache.m */; };
		BFBD07A8130A739400CA7941 /* ASIFormDataRequest.m in Sources */ = {isa = PBXBuildFile; fileRef = BFBD079A130A739400CA7941 /* ASIFormDataRequest.m */; };
		BFBD07A9130A739400CA7941 /* ASIHTTPRequest.m in Sources */ = {isa = PBXBuildFile; fileRef = BFBD079C130A739400CA7941 /* ASIHTTPRequest.m */; };
		BFBD07AA130A739400CA7941 /* ASIInputStream.m in Sources */ = {isa = PBXBuildFile; fileRef = BFBD07A0130A739400CA7941 /* ASIInputStream.m */; };
		BFBD07AB130A739400CA7941 /* ASINetworkQueue.m in Sources */ = {isa = PBXBuildFile; fileRef = BFBD07A2130A739400CA7941 /* ASINetworkQueue.m */; };
		BFBD07B0130A740300CA7941 /* Reachability.m in Sources */ = {isa = PBXBuildFile; fileRef = BFBD07AF130A740300CA7941 /* Reachability.m */; };
		BFBD0849130A75F400CA7941 /* CFNetwork.framework in Frameworks */ = {isa = PBXBuildFile; fileRef = BFBD0848130A75F400CA7941 /* CFNetwork.framework */; };
		BFBD084D130A762A00CA7941 /* MobileCoreServices.framework in Frameworks */ = {isa = PBXBuildFile; fileRef = BFBD084C130A762A00CA7941 /* MobileCoreServices.framework */; };
		BFBD0858130A77B900CA7941 /* CategoryItemViewController.m in Sources */ = {isa = PBXBuildFile; fileRef = BFBD0856130A77B900CA7941 /* CategoryItemViewController.m */; };
		BFBD0859130A77B900CA7941 /* CategoryItemViewController.xib in Resources */ = {isa = PBXBuildFile; fileRef = BFBD0857130A77B900CA7941 /* CategoryItemViewController.xib */; };
		BFBD0888130A7CD900CA7941 /* LocationDetailViewController.m in Sources */ = {isa = PBXBuildFile; fileRef = BFBD0886130A7CD900CA7941 /* LocationDetailViewController.m */; };
		BFBD0889130A7CD900CA7941 /* LocationDetailViewController.xib in Resources */ = {isa = PBXBuildFile; fileRef = BFBD0887130A7CD900CA7941 /* LocationDetailViewController.xib */; };
		BFBD0912130A8E4400CA7941 /* NSObject+JSON.m in Sources */ = {isa = PBXBuildFile; fileRef = BFBD0901130A8E4400CA7941 /* NSObject+JSON.m */; };
		BFBD0913130A8E4400CA7941 /* SBJsonParser.m in Sources */ = {isa = PBXBuildFile; fileRef = BFBD0903130A8E4400CA7941 /* SBJsonParser.m */; };
		BFBD0914130A8E4400CA7941 /* SBJsonStreamParser.m in Sources */ = {isa = PBXBuildFile; fileRef = BFBD0905130A8E4400CA7941 /* SBJsonStreamParser.m */; };
		BFBD0915130A8E4400CA7941 /* SBJsonStreamParserAdapter.m in Sources */ = {isa = PBXBuildFile; fileRef = BFBD0907130A8E4400CA7941 /* SBJsonStreamParserAdapter.m */; };
		BFBD0916130A8E4400CA7941 /* SBJsonStreamParserState.m in Sources */ = {isa = PBXBuildFile; fileRef = BFBD0909130A8E4400CA7941 /* SBJsonStreamParserState.m */; };
		BFBD0917130A8E4400CA7941 /* SBJsonStreamWriter.m in Sources */ = {isa = PBXBuildFile; fileRef = BFBD090B130A8E4400CA7941 /* SBJsonStreamWriter.m */; };
		BFBD0918130A8E4400CA7941 /* SBJsonStreamWriterState.m in Sources */ = {isa = PBXBuildFile; fileRef = BFBD090D130A8E4400CA7941 /* SBJsonStreamWriterState.m */; };
		BFBD0919130A8E4400CA7941 /* SBJsonTokeniser.m in Sources */ = {isa = PBXBuildFile; fileRef = BFBD090F130A8E4400CA7941 /* SBJsonTokeniser.m */; };
		BFBD091A130A8E4400CA7941 /* SBJsonWriter.m in Sources */ = {isa = PBXBuildFile; fileRef = BFBD0911130A8E4400CA7941 /* SBJsonWriter.m */; };
		BFBD0A58130AFC6300CA7941 /* NSData+Base64.m in Sources */ = {isa = PBXBuildFile; fileRef = BFBD0A57130AFC6300CA7941 /* NSData+Base64.m */; };
/* End PBXBuildFile section */

/* Begin PBXContainerItemProxy section */
		BF796B69130BC41600846EAE /* PBXContainerItemProxy */ = {
			isa = PBXContainerItemProxy;
			containerPortal = 29B97313FDCFA39411CA2CEA /* Project object */;
			proxyType = 1;
			remoteGlobalIDString = 1D6058900D05DD3D006BFB54;
			remoteInfo = CityFever;
		};
/* End PBXContainerItemProxy section */

/* Begin PBXFileReference section */
		1D30AB110D05D00D00671497 /* Foundation.framework */ = {isa = PBXFileReference; lastKnownFileType = wrapper.framework; name = Foundation.framework; path = System/Library/Frameworks/Foundation.framework; sourceTree = SDKROOT; };
		1D3623240D0F684500981E51 /* CityFeverAppDelegate.h */ = {isa = PBXFileReference; fileEncoding = 4; lastKnownFileType = sourcecode.c.h; path = CityFeverAppDelegate.h; sourceTree = "<group>"; };
		1D3623250D0F684500981E51 /* CityFeverAppDelegate.m */ = {isa = PBXFileReference; fileEncoding = 4; lastKnownFileType = sourcecode.c.objc; path = CityFeverAppDelegate.m; sourceTree = "<group>"; };
		1D6058910D05DD3D006BFB54 /* CityFever.app */ = {isa = PBXFileReference; explicitFileType = wrapper.application; includeInIndex = 0; path = CityFever.app; sourceTree = BUILT_PRODUCTS_DIR; };
		1DF5F4DF0D08C38300B7A737 /* UIKit.framework */ = {isa = PBXFileReference; lastKnownFileType = wrapper.framework; name = UIKit.framework; path = System/Library/Frameworks/UIKit.framework; sourceTree = SDKROOT; };
		2892E40F0DC94CBA00A64D0F /* CoreGraphics.framework */ = {isa = PBXFileReference; lastKnownFileType = wrapper.framework; name = CoreGraphics.framework; path = System/Library/Frameworks/CoreGraphics.framework; sourceTree = SDKROOT; };
		28A0AAE50D9B0CCF005BE974 /* CityFever_Prefix.pch */ = {isa = PBXFileReference; fileEncoding = 4; lastKnownFileType = sourcecode.c.h; path = CityFever_Prefix.pch; sourceTree = "<group>"; };
		28AD735F0D9D9599002E5188 /* MainWindow.xib */ = {isa = PBXFileReference; lastKnownFileType = file.xib; path = MainWindow.xib; sourceTree = "<group>"; };
		28F335F01007B36200424DE2 /* RootViewController.xib */ = {isa = PBXFileReference; lastKnownFileType = file.xib; path = RootViewController.xib; sourceTree = "<group>"; };
		29B97316FDCFA39411CA2CEA /* main.m */ = {isa = PBXFileReference; fileEncoding = 4; lastKnownFileType = sourcecode.c.objc; path = main.m; sourceTree = "<group>"; };
		8D1107310486CEB800E47090 /* CityFever-Info.plist */ = {isa = PBXFileReference; fileEncoding = 4; lastKnownFileType = text.plist.xml; path = "CityFever-Info.plist"; plistStructureDefinitionIdentifier = "com.apple.xcode.plist.structure-definition.iphone.info-plist"; sourceTree = "<group>"; };
		A8126068130D678900D6BA2D /* Icon-small.png */ = {isa = PBXFileReference; lastKnownFileType = image.png; name = "Icon-small.png"; path = "icons/Icon-small.png"; sourceTree = "<group>"; };
		A8126069130D678900D6BA2D /* Icon-small@2x.png */ = {isa = PBXFileReference; lastKnownFileType = image.png; name = "Icon-small@2x.png"; path = "icons/Icon-small@2x.png"; sourceTree = "<group>"; };
		A812606A130D678900D6BA2D /* Icon.png */ = {isa = PBXFileReference; lastKnownFileType = image.png; name = Icon.png; path = icons/Icon.png; sourceTree = "<group>"; };
		A812606B130D678900D6BA2D /* Icon@2x.png */ = {isa = PBXFileReference; lastKnownFileType = image.png; name = "Icon@2x.png"; path = "icons/Icon@2x.png"; sourceTree = "<group>"; };
		BF796B46130BC10500846EAE /* CityFeverTests.app */ = {isa = PBXFileReference; explicitFileType = wrapper.application; includeInIndex = 0; path = CityFeverTests.app; sourceTree = BUILT_PRODUCTS_DIR; };
		BF796B48130BC10500846EAE /* CityFeverTests-Info.plist */ = {isa = PBXFileReference; lastKnownFileType = text.plist.xml; path = "CityFeverTests-Info.plist"; sourceTree = "<group>"; };
		BF796B4C130BC1AF00846EAE /* GHUnit.framework */ = {isa = PBXFileReference; lastKnownFileType = wrapper.framework; path = GHUnit.framework; sourceTree = "<group>"; };
		BF796B65130BC23300846EAE /* CityFeverTests_Prefix.pch */ = {isa = PBXFileReference; fileEncoding = 4; lastKnownFileType = sourcecode.c.h; path = CityFeverTests_Prefix.pch; sourceTree = "<group>"; };
		BF796B70130BC59200846EAE /* GHUnitIOSTestMain.m */ = {isa = PBXFileReference; fileEncoding = 4; lastKnownFileType = sourcecode.c.objc; path = GHUnitIOSTestMain.m; sourceTree = "<group>"; };
		BF796B72130BC5C700846EAE /* SetupTests.m */ = {isa = PBXFileReference; fileEncoding = 4; lastKnownFileType = sourcecode.c.objc; path = SetupTests.m; sourceTree = "<group>"; };
		BF796B84130BC69200846EAE /* libz.dylib */ = {isa = PBXFileReference; lastKnownFileType = "compiled.mach-o.dylib"; name = libz.dylib; path = usr/lib/libz.dylib; sourceTree = SDKROOT; };
		BF796B9E130BC79900846EAE /* SystemConfiguration.framework */ = {isa = PBXFileReference; lastKnownFileType = wrapper.framework; name = SystemConfiguration.framework; path = System/Library/Frameworks/SystemConfiguration.framework; sourceTree = SDKROOT; };
		BF796BC6130BDC5F00846EAE /* GTMGarbageCollection.h */ = {isa = PBXFileReference; fileEncoding = 4; lastKnownFileType = sourcecode.c.h; path = GTMGarbageCollection.h; sourceTree = "<group>"; };
		BF796BC7130BDC5F00846EAE /* GTMLogger.h */ = {isa = PBXFileReference; fileEncoding = 4; lastKnownFileType = sourcecode.c.h; path = GTMLogger.h; sourceTree = "<group>"; };
		BF796BC8130BDC5F00846EAE /* GTMLogger.m */ = {isa = PBXFileReference; fileEncoding = 4; lastKnownFileType = sourcecode.c.objc; path = GTMLogger.m; sourceTree = "<group>"; };
		BF796BCC130BDCA200846EAE /* GTMDefines.h */ = {isa = PBXFileReference; fileEncoding = 4; lastKnownFileType = sourcecode.c.h; path = GTMDefines.h; sourceTree = "<group>"; };
		BF796BF7130BE13600846EAE /* ModelTests.m */ = {isa = PBXFileReference; fileEncoding = 4; lastKnownFileType = sourcecode.c.objc; path = ModelTests.m; sourceTree = "<group>"; };
		BF796BF9130BE1AF00846EAE /* LocationModel.h */ = {isa = PBXFileReference; fileEncoding = 4; lastKnownFileType = sourcecode.c.h; path = LocationModel.h; sourceTree = "<group>"; };
		BF796BFA130BE1AF00846EAE /* LocationModel.m */ = {isa = PBXFileReference; fileEncoding = 4; lastKnownFileType = sourcecode.c.objc; path = LocationModel.m; sourceTree = "<group>"; };
		BF796EDF130D111900846EAE /* Settings.bundle */ = {isa = PBXFileReference; lastKnownFileType = "wrapper.plug-in"; path = Settings.bundle; sourceTree = "<group>"; };
		BFBD0790130A739400CA7941 /* ASIAuthenticationDialog.h */ = {isa = PBXFileReference; fileEncoding = 4; lastKnownFileType = sourcecode.c.h; name = ASIAuthenticationDialog.h; path = Classes/ASIHTTP/ASIAuthenticationDialog.h; sourceTree = "<group>"; };
		BFBD0791130A739400CA7941 /* ASIAuthenticationDialog.m */ = {isa = PBXFileReference; fileEncoding = 4; lastKnownFileType = sourcecode.c.objc; name = ASIAuthenticationDialog.m; path = Classes/ASIHTTP/ASIAuthenticationDialog.m; sourceTree = "<group>"; };
		BFBD0792130A739400CA7941 /* ASICacheDelegate.h */ = {isa = PBXFileReference; fileEncoding = 4; lastKnownFileType = sourcecode.c.h; name = ASICacheDelegate.h; path = Classes/ASIHTTP/ASICacheDelegate.h; sourceTree = "<group>"; };
		BFBD0793130A739400CA7941 /* ASIDataCompressor.h */ = {isa = PBXFileReference; fileEncoding = 4; lastKnownFileType = sourcecode.c.h; name = ASIDataCompressor.h; path = Classes/ASIHTTP/ASIDataCompressor.h; sourceTree = "<group>"; };
		BFBD0794130A739400CA7941 /* ASIDataCompressor.m */ = {isa = PBXFileReference; fileEncoding = 4; lastKnownFileType = sourcecode.c.objc; name = ASIDataCompressor.m; path = Classes/ASIHTTP/ASIDataCompressor.m; sourceTree = "<group>"; };
		BFBD0795130A739400CA7941 /* ASIDataDecompressor.h */ = {isa = PBXFileReference; fileEncoding = 4; lastKnownFileType = sourcecode.c.h; name = ASIDataDecompressor.h; path = Classes/ASIHTTP/ASIDataDecompressor.h; sourceTree = "<group>"; };
		BFBD0796130A739400CA7941 /* ASIDataDecompressor.m */ = {isa = PBXFileReference; fileEncoding = 4; lastKnownFileType = sourcecode.c.objc; name = ASIDataDecompressor.m; path = Classes/ASIHTTP/ASIDataDecompressor.m; sourceTree = "<group>"; };
		BFBD0797130A739400CA7941 /* ASIDownloadCache.h */ = {isa = PBXFileReference; fileEncoding = 4; lastKnownFileType = sourcecode.c.h; name = ASIDownloadCache.h; path = Classes/ASIHTTP/ASIDownloadCache.h; sourceTree = "<group>"; };
		BFBD0798130A739400CA7941 /* ASIDownloadCache.m */ = {isa = PBXFileReference; fileEncoding = 4; lastKnownFileType = sourcecode.c.objc; name = ASIDownloadCache.m; path = Classes/ASIHTTP/ASIDownloadCache.m; sourceTree = "<group>"; };
		BFBD0799130A739400CA7941 /* ASIFormDataRequest.h */ = {isa = PBXFileReference; fileEncoding = 4; lastKnownFileType = sourcecode.c.h; name = ASIFormDataRequest.h; path = Classes/ASIHTTP/ASIFormDataRequest.h; sourceTree = "<group>"; };
		BFBD079A130A739400CA7941 /* ASIFormDataRequest.m */ = {isa = PBXFileReference; fileEncoding = 4; lastKnownFileType = sourcecode.c.objc; name = ASIFormDataRequest.m; path = Classes/ASIHTTP/ASIFormDataRequest.m; sourceTree = "<group>"; };
		BFBD079B130A739400CA7941 /* ASIHTTPRequest.h */ = {isa = PBXFileReference; fileEncoding = 4; lastKnownFileType = sourcecode.c.h; name = ASIHTTPRequest.h; path = Classes/ASIHTTP/ASIHTTPRequest.h; sourceTree = "<group>"; };
		BFBD079C130A739400CA7941 /* ASIHTTPRequest.m */ = {isa = PBXFileReference; fileEncoding = 4; lastKnownFileType = sourcecode.c.objc; name = ASIHTTPRequest.m; path = Classes/ASIHTTP/ASIHTTPRequest.m; sourceTree = "<group>"; };
		BFBD079D130A739400CA7941 /* ASIHTTPRequestConfig.h */ = {isa = PBXFileReference; fileEncoding = 4; lastKnownFileType = sourcecode.c.h; name = ASIHTTPRequestConfig.h; path = Classes/ASIHTTP/ASIHTTPRequestConfig.h; sourceTree = "<group>"; };
		BFBD079E130A739400CA7941 /* ASIHTTPRequestDelegate.h */ = {isa = PBXFileReference; fileEncoding = 4; lastKnownFileType = sourcecode.c.h; name = ASIHTTPRequestDelegate.h; path = Classes/ASIHTTP/ASIHTTPRequestDelegate.h; sourceTree = "<group>"; };
		BFBD079F130A739400CA7941 /* ASIInputStream.h */ = {isa = PBXFileReference; fileEncoding = 4; lastKnownFileType = sourcecode.c.h; name = ASIInputStream.h; path = Classes/ASIHTTP/ASIInputStream.h; sourceTree = "<group>"; };
		BFBD07A0130A739400CA7941 /* ASIInputStream.m */ = {isa = PBXFileReference; fileEncoding = 4; lastKnownFileType = sourcecode.c.objc; name = ASIInputStream.m; path = Classes/ASIHTTP/ASIInputStream.m; sourceTree = "<group>"; };
		BFBD07A1130A739400CA7941 /* ASINetworkQueue.h */ = {isa = PBXFileReference; fileEncoding = 4; lastKnownFileType = sourcecode.c.h; name = ASINetworkQueue.h; path = Classes/ASIHTTP/ASINetworkQueue.h; sourceTree = "<group>"; };
		BFBD07A2130A739400CA7941 /* ASINetworkQueue.m */ = {isa = PBXFileReference; fileEncoding = 4; lastKnownFileType = sourcecode.c.objc; name = ASINetworkQueue.m; path = Classes/ASIHTTP/ASINetworkQueue.m; sourceTree = "<group>"; };
		BFBD07A3130A739400CA7941 /* ASIProgressDelegate.h */ = {isa = PBXFileReference; fileEncoding = 4; lastKnownFileType = sourcecode.c.h; name = ASIProgressDelegate.h; path = Classes/ASIHTTP/ASIProgressDelegate.h; sourceTree = "<group>"; };
		BFBD07AE130A740300CA7941 /* Reachability.h */ = {isa = PBXFileReference; fileEncoding = 4; lastKnownFileType = sourcecode.c.h; name = Reachability.h; path = Classes/Reachability/Reachability.h; sourceTree = "<group>"; };
		BFBD07AF130A740300CA7941 /* Reachability.m */ = {isa = PBXFileReference; fileEncoding = 4; lastKnownFileType = sourcecode.c.objc; name = Reachability.m; path = Classes/Reachability/Reachability.m; sourceTree = "<group>"; };
		BFBD0848130A75F400CA7941 /* CFNetwork.framework */ = {isa = PBXFileReference; lastKnownFileType = wrapper.framework; name = CFNetwork.framework; path = System/Library/Frameworks/CFNetwork.framework; sourceTree = SDKROOT; };
		BFBD084C130A762A00CA7941 /* MobileCoreServices.framework */ = {isa = PBXFileReference; lastKnownFileType = wrapper.framework; name = MobileCoreServices.framework; path = System/Library/Frameworks/MobileCoreServices.framework; sourceTree = SDKROOT; };
		BFBD0855130A77B900CA7941 /* CategoryItemViewController.h */ = {isa = PBXFileReference; fileEncoding = 4; lastKnownFileType = sourcecode.c.h; path = CategoryItemViewController.h; sourceTree = "<group>"; };
		BFBD0856130A77B900CA7941 /* CategoryItemViewController.m */ = {isa = PBXFileReference; fileEncoding = 4; lastKnownFileType = sourcecode.c.objc; path = CategoryItemViewController.m; sourceTree = "<group>"; };
		BFBD0857130A77B900CA7941 /* CategoryItemViewController.xib */ = {isa = PBXFileReference; lastKnownFileType = file.xib; name = CategoryItemViewController.xib; path = Classes/CategoryItemViewController.xib; sourceTree = "<group>"; };
		BFBD0885130A7CD900CA7941 /* LocationDetailViewController.h */ = {isa = PBXFileReference; fileEncoding = 4; lastKnownFileType = sourcecode.c.h; path = LocationDetailViewController.h; sourceTree = "<group>"; };
		BFBD0886130A7CD900CA7941 /* LocationDetailViewController.m */ = {isa = PBXFileReference; fileEncoding = 4; lastKnownFileType = sourcecode.c.objc; path = LocationDetailViewController.m; sourceTree = "<group>"; };
		BFBD0887130A7CD900CA7941 /* LocationDetailViewController.xib */ = {isa = PBXFileReference; lastKnownFileType = file.xib; name = LocationDetailViewController.xib; path = Classes/LocationDetailViewController.xib; sourceTree = "<group>"; };
		BFBD08FF130A8E4400CA7941 /* JSON.h */ = {isa = PBXFileReference; fileEncoding = 4; lastKnownFileType = sourcecode.c.h; name = JSON.h; path = Classes/JSON/JSON.h; sourceTree = "<group>"; };
		BFBD0900130A8E4400CA7941 /* NSObject+JSON.h */ = {isa = PBXFileReference; fileEncoding = 4; lastKnownFileType = sourcecode.c.h; name = "NSObject+JSON.h"; path = "Classes/JSON/NSObject+JSON.h"; sourceTree = "<group>"; };
		BFBD0901130A8E4400CA7941 /* NSObject+JSON.m */ = {isa = PBXFileReference; fileEncoding = 4; lastKnownFileType = sourcecode.c.objc; name = "NSObject+JSON.m"; path = "Classes/JSON/NSObject+JSON.m"; sourceTree = "<group>"; };
		BFBD0902130A8E4400CA7941 /* SBJsonParser.h */ = {isa = PBXFileReference; fileEncoding = 4; lastKnownFileType = sourcecode.c.h; name = SBJsonParser.h; path = Classes/JSON/SBJsonParser.h; sourceTree = "<group>"; };
		BFBD0903130A8E4400CA7941 /* SBJsonParser.m */ = {isa = PBXFileReference; fileEncoding = 4; lastKnownFileType = sourcecode.c.objc; name = SBJsonParser.m; path = Classes/JSON/SBJsonParser.m; sourceTree = "<group>"; };
		BFBD0904130A8E4400CA7941 /* SBJsonStreamParser.h */ = {isa = PBXFileReference; fileEncoding = 4; lastKnownFileType = sourcecode.c.h; name = SBJsonStreamParser.h; path = Classes/JSON/SBJsonStreamParser.h; sourceTree = "<group>"; };
		BFBD0905130A8E4400CA7941 /* SBJsonStreamParser.m */ = {isa = PBXFileReference; fileEncoding = 4; lastKnownFileType = sourcecode.c.objc; name = SBJsonStreamParser.m; path = Classes/JSON/SBJsonStreamParser.m; sourceTree = "<group>"; };
		BFBD0906130A8E4400CA7941 /* SBJsonStreamParserAdapter.h */ = {isa = PBXFileReference; fileEncoding = 4; lastKnownFileType = sourcecode.c.h; name = SBJsonStreamParserAdapter.h; path = Classes/JSON/SBJsonStreamParserAdapter.h; sourceTree = "<group>"; };
		BFBD0907130A8E4400CA7941 /* SBJsonStreamParserAdapter.m */ = {isa = PBXFileReference; fileEncoding = 4; lastKnownFileType = sourcecode.c.objc; name = SBJsonStreamParserAdapter.m; path = Classes/JSON/SBJsonStreamParserAdapter.m; sourceTree = "<group>"; };
		BFBD0908130A8E4400CA7941 /* SBJsonStreamParserState.h */ = {isa = PBXFileReference; fileEncoding = 4; lastKnownFileType = sourcecode.c.h; name = SBJsonStreamParserState.h; path = Classes/JSON/SBJsonStreamParserState.h; sourceTree = "<group>"; };
		BFBD0909130A8E4400CA7941 /* SBJsonStreamParserState.m */ = {isa = PBXFileReference; fileEncoding = 4; lastKnownFileType = sourcecode.c.objc; name = SBJsonStreamParserState.m; path = Classes/JSON/SBJsonStreamParserState.m; sourceTree = "<group>"; };
		BFBD090A130A8E4400CA7941 /* SBJsonStreamWriter.h */ = {isa = PBXFileReference; fileEncoding = 4; lastKnownFileType = sourcecode.c.h; name = SBJsonStreamWriter.h; path = Classes/JSON/SBJsonStreamWriter.h; sourceTree = "<group>"; };
		BFBD090B130A8E4400CA7941 /* SBJsonStreamWriter.m */ = {isa = PBXFileReference; fileEncoding = 4; lastKnownFileType = sourcecode.c.objc; name = SBJsonStreamWriter.m; path = Classes/JSON/SBJsonStreamWriter.m; sourceTree = "<group>"; };
		BFBD090C130A8E4400CA7941 /* SBJsonStreamWriterState.h */ = {isa = PBXFileReference; fileEncoding = 4; lastKnownFileType = sourcecode.c.h; name = SBJsonStreamWriterState.h; path = Classes/JSON/SBJsonStreamWriterState.h; sourceTree = "<group>"; };
		BFBD090D130A8E4400CA7941 /* SBJsonStreamWriterState.m */ = {isa = PBXFileReference; fileEncoding = 4; lastKnownFileType = sourcecode.c.objc; name = SBJsonStreamWriterState.m; path = Classes/JSON/SBJsonStreamWriterState.m; sourceTree = "<group>"; };
		BFBD090E130A8E4400CA7941 /* SBJsonTokeniser.h */ = {isa = PBXFileReference; fileEncoding = 4; lastKnownFileType = sourcecode.c.h; name = SBJsonTokeniser.h; path = Classes/JSON/SBJsonTokeniser.h; sourceTree = "<group>"; };
		BFBD090F130A8E4400CA7941 /* SBJsonTokeniser.m */ = {isa = PBXFileReference; fileEncoding = 4; lastKnownFileType = sourcecode.c.objc; name = SBJsonTokeniser.m; path = Classes/JSON/SBJsonTokeniser.m; sourceTree = "<group>"; };
		BFBD0910130A8E4400CA7941 /* SBJsonWriter.h */ = {isa = PBXFileReference; fileEncoding = 4; lastKnownFileType = sourcecode.c.h; name = SBJsonWriter.h; path = Classes/JSON/SBJsonWriter.h; sourceTree = "<group>"; };
		BFBD0911130A8E4400CA7941 /* SBJsonWriter.m */ = {isa = PBXFileReference; fileEncoding = 4; lastKnownFileType = sourcecode.c.objc; name = SBJsonWriter.m; path = Classes/JSON/SBJsonWriter.m; sourceTree = "<group>"; };
		BFBD0A4D130AF8D700CA7941 /* NSData+Base64.h */ = {isa = PBXFileReference; fileEncoding = 4; lastKnownFileType = sourcecode.c.h; name = "NSData+Base64.h"; path = "Classes/NSData+Base64.h"; sourceTree = "<group>"; };
		BFBD0A4E130AF8D700CA7941 /* debug.h */ = {isa = PBXFileReference; fileEncoding = 4; lastKnownFileType = sourcecode.c.h; name = debug.h; path = Classes/debug.h; sourceTree = "<group>"; };
		BFBD0A57130AFC6300CA7941 /* NSData+Base64.m */ = {isa = PBXFileReference; fileEncoding = 4; lastKnownFileType = sourcecode.c.objc; name = "NSData+Base64.m"; path = "Classes/NSData+Base64.m"; sourceTree = "<group>"; };
/* End PBXFileReference section */

/* Begin PBXFrameworksBuildPhase section */
		1D60588F0D05DD3D006BFB54 /* Frameworks */ = {
			isa = PBXFrameworksBuildPhase;
			buildActionMask = 2147483647;
			files = (
				1D60589F0D05DD5A006BFB54 /* Foundation.framework in Frameworks */,
				1DF5F4E00D08C38300B7A737 /* UIKit.framework in Frameworks */,
				2892E4100DC94CBA00A64D0F /* CoreGraphics.framework in Frameworks */,
				BFBD0849130A75F400CA7941 /* CFNetwork.framework in Frameworks */,
				BFBD084D130A762A00CA7941 /* MobileCoreServices.framework in Frameworks */,
				BF796B85130BC69200846EAE /* libz.dylib in Frameworks */,
				BF796B9F130BC79900846EAE /* SystemConfiguration.framework in Frameworks */,
			);
			runOnlyForDeploymentPostprocessing = 0;
		};
		BF796B44130BC10500846EAE /* Frameworks */ = {
			isa = PBXFrameworksBuildPhase;
			buildActionMask = 2147483647;
			files = (
				BF796DA8130C142000846EAE /* libz.dylib in Frameworks */,
				BF796DA9130C142000846EAE /* MobileCoreServices.framework in Frameworks */,
				BF796B4D130BC1AF00846EAE /* GHUnit.framework in Frameworks */,
				BF796B6B130BC43F00846EAE /* CoreGraphics.framework in Frameworks */,
				BF796B6C130BC44500846EAE /* UIKit.framework in Frameworks */,
				BF796B6D130BC45000846EAE /* Foundation.framework in Frameworks */,
				BF796D91130C13CC00846EAE /* SystemConfiguration.framework in Frameworks */,
				BF796DCB130C148300846EAE /* CFNetwork.framework in Frameworks */,
			);
			runOnlyForDeploymentPostprocessing = 0;
		};
/* End PBXFrameworksBuildPhase section */

/* Begin PBXGroup section */
		080E96DDFE201D6D7F000001 /* Classes */ = {
			isa = PBXGroup;
			children = (
				1D3623240D0F684500981E51 /* CityFeverAppDelegate.h */,
				1D3623250D0F684500981E51 /* CityFeverAppDelegate.m */,
				BF796E41130C252600846EAE /* View Controllers */,
				BF796E40130C251300846EAE /* Models */,
			);
			path = Classes;
			sourceTree = "<group>";
		};
		19C28FACFE9D520D11CA2CBB /* Products */ = {
			isa = PBXGroup;
			children = (
				1D6058910D05DD3D006BFB54 /* CityFever.app */,
				BF796B46130BC10500846EAE /* CityFeverTests.app */,
			);
			name = Products;
			sourceTree = "<group>";
		};
		29B97314FDCFA39411CA2CEA /* CustomTemplate */ = {
			isa = PBXGroup;
			children = (
				BF796B6F130BC50900846EAE /* Tests */,
				080E96DDFE201D6D7F000001 /* Classes */,
				29B97315FDCFA39411CA2CEA /* Other Sources */,
				29B97317FDCFA39411CA2CEA /* Resources */,
				29B97323FDCFA39411CA2CEA /* Frameworks */,
				19C28FACFE9D520D11CA2CBB /* Products */,
				BF796B48130BC10500846EAE /* CityFeverTests-Info.plist */,
			);
			name = CustomTemplate;
			sourceTree = "<group>";
		};
		29B97315FDCFA39411CA2CEA /* Other Sources */ = {
			isa = PBXGroup;
			children = (
				BFBD0A57130AFC6300CA7941 /* NSData+Base64.m */,
				BFBD0A4D130AF8D700CA7941 /* NSData+Base64.h */,
				BFBD0A4E130AF8D700CA7941 /* debug.h */,
				BF796BCC130BDCA200846EAE /* GTMDefines.h */,
				BF796BC6130BDC5F00846EAE /* GTMGarbageCollection.h */,
				BF796BC7130BDC5F00846EAE /* GTMLogger.h */,
				BF796BC8130BDC5F00846EAE /* GTMLogger.m */,
				BF796B70130BC59200846EAE /* GHUnitIOSTestMain.m */,
				BF796B65130BC23300846EAE /* CityFeverTests_Prefix.pch */,
				BFBD08FF130A8E4400CA7941 /* JSON.h */,
				BFBD0900130A8E4400CA7941 /* NSObject+JSON.h */,
				BFBD0901130A8E4400CA7941 /* NSObject+JSON.m */,
				BFBD0902130A8E4400CA7941 /* SBJsonParser.h */,
				BFBD0903130A8E4400CA7941 /* SBJsonParser.m */,
				BFBD0904130A8E4400CA7941 /* SBJsonStreamParser.h */,
				BFBD0905130A8E4400CA7941 /* SBJsonStreamParser.m */,
				BFBD0906130A8E4400CA7941 /* SBJsonStreamParserAdapter.h */,
				BFBD0907130A8E4400CA7941 /* SBJsonStreamParserAdapter.m */,
				BFBD0908130A8E4400CA7941 /* SBJsonStreamParserState.h */,
				BFBD0909130A8E4400CA7941 /* SBJsonStreamParserState.m */,
				BFBD090A130A8E4400CA7941 /* SBJsonStreamWriter.h */,
				BFBD090B130A8E4400CA7941 /* SBJsonStreamWriter.m */,
				BFBD090C130A8E4400CA7941 /* SBJsonStreamWriterState.h */,
				BFBD090D130A8E4400CA7941 /* SBJsonStreamWriterState.m */,
				BFBD090E130A8E4400CA7941 /* SBJsonTokeniser.h */,
				BFBD090F130A8E4400CA7941 /* SBJsonTokeniser.m */,
				BFBD0910130A8E4400CA7941 /* SBJsonWriter.h */,
				BFBD0911130A8E4400CA7941 /* SBJsonWriter.m */,
				BFBD0790130A739400CA7941 /* ASIAuthenticationDialog.h */,
				BFBD0791130A739400CA7941 /* ASIAuthenticationDialog.m */,
				BFBD0792130A739400CA7941 /* ASICacheDelegate.h */,
				BFBD0793130A739400CA7941 /* ASIDataCompressor.h */,
				BFBD0794130A739400CA7941 /* ASIDataCompressor.m */,
				BFBD0795130A739400CA7941 /* ASIDataDecompressor.h */,
				BFBD0796130A739400CA7941 /* ASIDataDecompressor.m */,
				BFBD0797130A739400CA7941 /* ASIDownloadCache.h */,
				BFBD0798130A739400CA7941 /* ASIDownloadCache.m */,
				BFBD0799130A739400CA7941 /* ASIFormDataRequest.h */,
				BFBD079A130A739400CA7941 /* ASIFormDataRequest.m */,
				BFBD079B130A739400CA7941 /* ASIHTTPRequest.h */,
				BFBD079C130A739400CA7941 /* ASIHTTPRequest.m */,
				BFBD079D130A739400CA7941 /* ASIHTTPRequestConfig.h */,
				BFBD07AE130A740300CA7941 /* Reachability.h */,
				BFBD07AF130A740300CA7941 /* Reachability.m */,
				BFBD079E130A739400CA7941 /* ASIHTTPRequestDelegate.h */,
				BFBD079F130A739400CA7941 /* ASIInputStream.h */,
				BFBD07A0130A739400CA7941 /* ASIInputStream.m */,
				BFBD07A1130A739400CA7941 /* ASINetworkQueue.h */,
				BFBD07A2130A739400CA7941 /* ASINetworkQueue.m */,
				BFBD07A3130A739400CA7941 /* ASIProgressDelegate.h */,
				28A0AAE50D9B0CCF005BE974 /* CityFever_Prefix.pch */,
				29B97316FDCFA39411CA2CEA /* main.m */,
			);
			name = "Other Sources";
			sourceTree = "<group>";
		};
		29B97317FDCFA39411CA2CEA /* Resources */ = {
			isa = PBXGroup;
			children = (
				A8126068130D678900D6BA2D /* Icon-small.png */,
				A8126069130D678900D6BA2D /* Icon-small@2x.png */,
				A812606A130D678900D6BA2D /* Icon.png */,
				A812606B130D678900D6BA2D /* Icon@2x.png */,
				BFBD0887130A7CD900CA7941 /* LocationDetailViewController.xib */,
				BFBD0857130A77B900CA7941 /* CategoryItemViewController.xib */,
				28F335F01007B36200424DE2 /* RootViewController.xib */,
				28AD735F0D9D9599002E5188 /* MainWindow.xib */,
				8D1107310486CEB800E47090 /* CityFever-Info.plist */,
				BF796EDF130D111900846EAE /* Settings.bundle */,
			);
			name = Resources;
			sourceTree = "<group>";
		};
		29B97323FDCFA39411CA2CEA /* Frameworks */ = {
			isa = PBXGroup;
			children = (
				BF796B9E130BC79900846EAE /* SystemConfiguration.framework */,
				BF796B84130BC69200846EAE /* libz.dylib */,
				BF796B4C130BC1AF00846EAE /* GHUnit.framework */,
				BFBD084C130A762A00CA7941 /* MobileCoreServices.framework */,
				2892E40F0DC94CBA00A64D0F /* CoreGraphics.framework */,
				1D30AB110D05D00D00671497 /* Foundation.framework */,
				1DF5F4DF0D08C38300B7A737 /* UIKit.framework */,
				BFBD0848130A75F400CA7941 /* CFNetwork.framework */,
			);
			name = Frameworks;
			sourceTree = "<group>";
		};
		BF796B6F130BC50900846EAE /* Tests */ = {
			isa = PBXGroup;
			children = (
				BF796B72130BC5C700846EAE /* SetupTests.m */,
				BF796BF7130BE13600846EAE /* ModelTests.m */,
			);
			path = Tests;
			sourceTree = "<group>";
		};
		BF796E40130C251300846EAE /* Models */ = {
			isa = PBXGroup;
			children = (
				BF796BF9130BE1AF00846EAE /* LocationModel.h */,
				BF796BFA130BE1AF00846EAE /* LocationModel.m */,
			);
			name = Models;
			sourceTree = "<group>";
		};
		BF796E41130C252600846EAE /* View Controllers */ = {
			isa = PBXGroup;
			children = (
				BFBD0855130A77B900CA7941 /* CategoryItemViewController.h */,
				BFBD0856130A77B900CA7941 /* CategoryItemViewController.m */,
				BFBD0885130A7CD900CA7941 /* LocationDetailViewController.h */,
				BFBD0886130A7CD900CA7941 /* LocationDetailViewController.m */,
			);
			name = "View Controllers";
			sourceTree = "<group>";
		};
/* End PBXGroup section */

/* Begin PBXNativeTarget section */
		1D6058900D05DD3D006BFB54 /* CityFever */ = {
			isa = PBXNativeTarget;
			buildConfigurationList = 1D6058960D05DD3E006BFB54 /* Build configuration list for PBXNativeTarget "CityFever" */;
			buildPhases = (
				1D60588D0D05DD3D006BFB54 /* Resources */,
				1D60588E0D05DD3D006BFB54 /* Sources */,
				1D60588F0D05DD3D006BFB54 /* Frameworks */,
			);
			buildRules = (
			);
			dependencies = (
			);
			name = CityFever;
			productName = CityFever;
			productReference = 1D6058910D05DD3D006BFB54 /* CityFever.app */;
			productType = "com.apple.product-type.application";
		};
		BF796B45130BC10500846EAE /* CityFeverTests */ = {
			isa = PBXNativeTarget;
			buildConfigurationList = BF796B4B130BC10500846EAE /* Build configuration list for PBXNativeTarget "CityFeverTests" */;
			buildPhases = (
				BF796B42130BC10500846EAE /* Resources */,
				BF796B43130BC10500846EAE /* Sources */,
				BF796B44130BC10500846EAE /* Frameworks */,
			);
			buildRules = (
			);
			dependencies = (
				BF796B6A130BC41600846EAE /* PBXTargetDependency */,
			);
			name = CityFeverTests;
			productName = CityFeverTests;
			productReference = BF796B46130BC10500846EAE /* CityFeverTests.app */;
			productType = "com.apple.product-type.application";
		};
/* End PBXNativeTarget section */

/* Begin PBXProject section */
		29B97313FDCFA39411CA2CEA /* Project object */ = {
			isa = PBXProject;
			buildConfigurationList = C01FCF4E08A954540054247B /* Build configuration list for PBXProject "CityFever" */;
			compatibilityVersion = "Xcode 3.1";
			developmentRegion = English;
			hasScannedForEncodings = 1;
			knownRegions = (
				English,
				Japanese,
				French,
				German,
				en,
			);
			mainGroup = 29B97314FDCFA39411CA2CEA /* CustomTemplate */;
			projectDirPath = "";
			projectRoot = "";
			targets = (
				1D6058900D05DD3D006BFB54 /* CityFever */,
				BF796B45130BC10500846EAE /* CityFeverTests */,
			);
		};
/* End PBXProject section */

/* Begin PBXResourcesBuildPhase section */
		1D60588D0D05DD3D006BFB54 /* Resources */ = {
			isa = PBXResourcesBuildPhase;
			buildActionMask = 2147483647;
			files = (
				28AD73600D9D9599002E5188 /* MainWindow.xib in Resources */,
				28F335F11007B36200424DE2 /* RootViewController.xib in Resources */,
				BFBD0859130A77B900CA7941 /* CategoryItemViewController.xib in Resources */,
				BFBD0889130A7CD900CA7941 /* LocationDetailViewController.xib in Resources */,
				BF796EE0130D111900846EAE /* Settings.bundle in Resources */,
				A812606C130D678900D6BA2D /* Icon-small.png in Resources */,
				A812606D130D678900D6BA2D /* Icon-small@2x.png in Resources */,
				A812606E130D678900D6BA2D /* Icon.png in Resources */,
				A812606F130D678900D6BA2D /* Icon@2x.png in Resources */,
			);
			runOnlyForDeploymentPostprocessing = 0;
		};
		BF796B42130BC10500846EAE /* Resources */ = {
			isa = PBXResourcesBuildPhase;
			buildActionMask = 2147483647;
			files = (
				A8126070130D678900D6BA2D /* Icon-small.png in Resources */,
				A8126071130D678900D6BA2D /* Icon-small@2x.png in Resources */,
				A8126072130D678900D6BA2D /* Icon.png in Resources */,
				A8126073130D678900D6BA2D /* Icon@2x.png in Resources */,
			);
			runOnlyForDeploymentPostprocessing = 0;
		};
/* End PBXResourcesBuildPhase section */

/* Begin PBXSourcesBuildPhase section */
		1D60588E0D05DD3D006BFB54 /* Sources */ = {
			isa = PBXSourcesBuildPhase;
			buildActionMask = 2147483647;
			files = (
				1D60589B0D05DD56006BFB54 /* main.m in Sources */,
				1D3623260D0F684500981E51 /* CityFeverAppDelegate.m in Sources */,
				BFBD07A4130A739400CA7941 /* ASIAuthenticationDialog.m in Sources */,
				BFBD07A5130A739400CA7941 /* ASIDataCompressor.m in Sources */,
				BFBD07A6130A739400CA7941 /* ASIDataDecompressor.m in Sources */,
				BFBD07A7130A739400CA7941 /* ASIDownloadCache.m in Sources */,
				BFBD07A8130A739400CA7941 /* ASIFormDataRequest.m in Sources */,
				BFBD07A9130A739400CA7941 /* ASIHTTPRequest.m in Sources */,
				BFBD07AA130A739400CA7941 /* ASIInputStream.m in Sources */,
				BFBD07AB130A739400CA7941 /* ASINetworkQueue.m in Sources */,
				BFBD07B0130A740300CA7941 /* Reachability.m in Sources */,
				BFBD0858130A77B900CA7941 /* CategoryItemViewController.m in Sources */,
				BFBD0888130A7CD900CA7941 /* LocationDetailViewController.m in Sources */,
				BFBD0912130A8E4400CA7941 /* NSObject+JSON.m in Sources */,
				BFBD0913130A8E4400CA7941 /* SBJsonParser.m in Sources */,
				BFBD0914130A8E4400CA7941 /* SBJsonStreamParser.m in Sources */,
				BFBD0915130A8E4400CA7941 /* SBJsonStreamParserAdapter.m in Sources */,
				BFBD0916130A8E4400CA7941 /* SBJsonStreamParserState.m in Sources */,
				BFBD0917130A8E4400CA7941 /* SBJsonStreamWriter.m in Sources */,
				BFBD0918130A8E4400CA7941 /* SBJsonStreamWriterState.m in Sources */,
				BFBD0919130A8E4400CA7941 /* SBJsonTokeniser.m in Sources */,
				BFBD091A130A8E4400CA7941 /* SBJsonWriter.m in Sources */,
				BFBD0A58130AFC6300CA7941 /* NSData+Base64.m in Sources */,
				BF796BC9130BDC5F00846EAE /* GTMLogger.m in Sources */,
				BF796BFB130BE1AF00846EAE /* LocationModel.m in Sources */,
			);
			runOnlyForDeploymentPostprocessing = 0;
		};
		BF796B43130BC10500846EAE /* Sources */ = {
			isa = PBXSourcesBuildPhase;
			buildActionMask = 2147483647;
			files = (
				BF796E29130C23D100846EAE /* NSData+Base64.m in Sources */,
				BF796CFD130C121C00846EAE /* GTMLogger.m in Sources */,
				BF796D00130C121C00846EAE /* NSObject+JSON.m in Sources */,
				BF796D02130C121C00846EAE /* SBJsonParser.m in Sources */,
				BF796D04130C121C00846EAE /* SBJsonStreamParser.m in Sources */,
				BF796D06130C121C00846EAE /* SBJsonStreamParserAdapter.m in Sources */,
				BF796D08130C121C00846EAE /* SBJsonStreamParserState.m in Sources */,
				BF796D0A130C121C00846EAE /* SBJsonStreamWriter.m in Sources */,
				BF796D0C130C121C00846EAE /* SBJsonStreamWriterState.m in Sources */,
				BF796D0E130C121C00846EAE /* SBJsonTokeniser.m in Sources */,
				BF796D10130C121C00846EAE /* SBJsonWriter.m in Sources */,
				BF796D12130C121C00846EAE /* ASIAuthenticationDialog.m in Sources */,
				BF796D15130C121C00846EAE /* ASIDataCompressor.m in Sources */,
				BF796D17130C121C00846EAE /* ASIDataDecompressor.m in Sources */,
				BF796D19130C121C00846EAE /* ASIDownloadCache.m in Sources */,
				BF796D1B130C121C00846EAE /* ASIFormDataRequest.m in Sources */,
				BF796D1D130C121C00846EAE /* ASIHTTPRequest.m in Sources */,
				BF796D20130C121C00846EAE /* Reachability.m in Sources */,
				BF796D23130C121C00846EAE /* ASIInputStream.m in Sources */,
				BF796D25130C121C00846EAE /* ASINetworkQueue.m in Sources */,
				BF796C24130BE92E00846EAE /* LocationModel.m in Sources */,
				BF796B71130BC59200846EAE /* GHUnitIOSTestMain.m in Sources */,
				BF796B73130BC5C700846EAE /* SetupTests.m in Sources */,
				BF796BF8130BE13600846EAE /* ModelTests.m in Sources */,
			);
			runOnlyForDeploymentPostprocessing = 0;
		};
/* End PBXSourcesBuildPhase section */

/* Begin PBXTargetDependency section */
		BF796B6A130BC41600846EAE /* PBXTargetDependency */ = {
			isa = PBXTargetDependency;
			target = 1D6058900D05DD3D006BFB54 /* CityFever */;
			targetProxy = BF796B69130BC41600846EAE /* PBXContainerItemProxy */;
		};
/* End PBXTargetDependency section */

/* Begin XCBuildConfiguration section */
		1D6058940D05DD3E006BFB54 /* Debug */ = {
			isa = XCBuildConfiguration;
			buildSettings = {
				ALWAYS_SEARCH_USER_PATHS = NO;
				COPY_PHASE_STRIP = NO;
				GCC_DYNAMIC_NO_PIC = NO;
				GCC_OPTIMIZATION_LEVEL = 0;
				GCC_PRECOMPILE_PREFIX_HEADER = YES;
				GCC_PREFIX_HEADER = CityFever_Prefix.pch;
				GCC_PREPROCESSOR_DEFINITIONS = DEBUG;
				INFOPLIST_FILE = "CityFever-Info.plist";
				OTHER_LDFLAGS = "";
				PRODUCT_NAME = CityFever;
			};
			name = Debug;
		};
		1D6058950D05DD3E006BFB54 /* Release */ = {
			isa = XCBuildConfiguration;
			buildSettings = {
				ALWAYS_SEARCH_USER_PATHS = NO;
				COPY_PHASE_STRIP = YES;
				GCC_PRECOMPILE_PREFIX_HEADER = YES;
				GCC_PREFIX_HEADER = CityFever_Prefix.pch;
				INFOPLIST_FILE = "CityFever-Info.plist";
				OTHER_LDFLAGS = "";
				PRODUCT_NAME = CityFever;
				VALIDATE_PRODUCT = YES;
			};
			name = Release;
		};
		BF796B49130BC10500846EAE /* Debug */ = {
			isa = XCBuildConfiguration;
			buildSettings = {
				ALWAYS_SEARCH_USER_PATHS = YES;
				CODE_SIGN_IDENTITY = "iPhone Developer";
				COPY_PHASE_STRIP = NO;
				FRAMEWORK_SEARCH_PATHS = (
					"$(inherited)",
					"\"$(SRCROOT)\"",
				);
				GCC_DYNAMIC_NO_PIC = NO;
				GCC_OPTIMIZATION_LEVEL = 0;
				GCC_PRECOMPILE_PREFIX_HEADER = YES;
				GCC_PREFIX_HEADER = CityFeverTests_Prefix.pch;
				HEADER_SEARCH_PATHS = "$(PROJECT_DIR)/Classes";
				INFOPLIST_FILE = "CityFeverTests-Info.plist";
				INSTALL_PATH = "$(HOME)/Applications";
				OTHER_LDFLAGS = (
					"-ObjC",
					"-all_load",
				);
				PREBINDING = NO;
				PRODUCT_NAME = CityFeverTests;
				SCAN_ALL_SOURCE_FILES_FOR_INCLUDES = YES;
				SDKROOT = iphoneos;
				USER_HEADER_SEARCH_PATHS = "$(PROJECT_DIR)/Classes";
			};
			name = Debug;
		};
		BF796B4A130BC10500846EAE /* Release */ = {
			isa = XCBuildConfiguration;
			buildSettings = {
				ALWAYS_SEARCH_USER_PATHS = YES;
				CODE_SIGN_IDENTITY = "iPhone Developer";
				COPY_PHASE_STRIP = YES;
				DEBUG_INFORMATION_FORMAT = "dwarf-with-dsym";
				FRAMEWORK_SEARCH_PATHS = (
					"$(inherited)",
					"\"$(SRCROOT)\"",
				);
				GCC_ENABLE_FIX_AND_CONTINUE = NO;
				GCC_PRECOMPILE_PREFIX_HEADER = YES;
				GCC_PREFIX_HEADER = CityFeverTests_Prefix.pch;
				HEADER_SEARCH_PATHS = "$(PROJECT_DIR)/Classes";
				INFOPLIST_FILE = "CityFeverTests-Info.plist";
				INSTALL_PATH = "$(HOME)/Applications";
				OTHER_LDFLAGS = (
					"-ObjC",
					"-all_load",
				);
				PREBINDING = NO;
				PRODUCT_NAME = CityFeverTests;
				SCAN_ALL_SOURCE_FILES_FOR_INCLUDES = YES;
				SDKROOT = iphoneos;
				USER_HEADER_SEARCH_PATHS = "$(PROJECT_DIR)/Classes";
				ZERO_LINK = NO;
			};
			name = Release;
		};
		C01FCF4F08A954540054247B /* Debug */ = {
			isa = XCBuildConfiguration;
			buildSettings = {
				ARCHS = "$(ARCHS_STANDARD_32_BIT)";
				"CODE_SIGN_IDENTITY[sdk=iphoneos*]" = "iPhone Developer";
				GCC_C_LANGUAGE_STANDARD = c99;
				GCC_WARN_ABOUT_RETURN_TYPE = YES;
				GCC_WARN_UNUSED_VARIABLE = YES;
				HEADER_SEARCH_PATHS = "";
				PREBINDING = NO;
				SDKROOT = iphoneos;
			};
			name = Debug;
		};
		C01FCF5008A954540054247B /* Release */ = {
			isa = XCBuildConfiguration;
			buildSettings = {
				ARCHS = "$(ARCHS_STANDARD_32_BIT)";
				"CODE_SIGN_IDENTITY[sdk=iphoneos*]" = "iPhone Developer";
				GCC_C_LANGUAGE_STANDARD = c99;
				GCC_WARN_ABOUT_RETURN_TYPE = YES;
				GCC_WARN_UNUSED_VARIABLE = YES;
				HEADER_SEARCH_PATHS = "";
				OTHER_CFLAGS = "-DNS_BLOCK_ASSERTIONS=1";
				PREBINDING = NO;
				SDKROOT = iphoneos;
			};
			name = Release;
		};
/* End XCBuildConfiguration section */

/* Begin XCConfigurationList section */
		1D6058960D05DD3E006BFB54 /* Build configuration list for PBXNativeTarget "CityFever" */ = {
			isa = XCConfigurationList;
			buildConfigurations = (
				1D6058940D05DD3E006BFB54 /* Debug */,
				1D6058950D05DD3E006BFB54 /* Release */,
			);
			defaultConfigurationIsVisible = 0;
			defaultConfigurationName = Release;
		};
		BF796B4B130BC10500846EAE /* Build configuration list for PBXNativeTarget "CityFeverTests" */ = {
			isa = XCConfigurationList;
			buildConfigurations = (
				BF796B49130BC10500846EAE /* Debug */,
				BF796B4A130BC10500846EAE /* Release */,
			);
			defaultConfigurationIsVisible = 0;
			defaultConfigurationName = Release;
		};
		C01FCF4E08A954540054247B /* Build configuration list for PBXProject "CityFever" */ = {
			isa = XCConfigurationList;
			buildConfigurations = (
				C01FCF4F08A954540054247B /* Debug */,
				C01FCF5008A954540054247B /* Release */,
			);
			defaultConfigurationIsVisible = 0;
			defaultConfigurationName = Release;
		};
/* End XCConfigurationList section */
	};
	rootObject = 29B97313FDCFA39411CA2CEA /* Project object */;
}
